// !$*UTF8*$!
{
	archiveVersion = 1;
	classes = {
	};
	objectVersion = 46;
	objects = {

/* Begin PBXBuildFile section */
		39DE5CD21E414AE900056A24 /* AppDelegate.swift in Sources */ = {isa = PBXBuildFile; fileRef = 39DE5CD11E414AE900056A24 /* AppDelegate.swift */; };
		39DE5CD41E414AE900056A24 /* GenericViewController.swift in Sources */ = {isa = PBXBuildFile; fileRef = 39DE5CD31E414AE900056A24 /* GenericViewController.swift */; };
		39DE5CD71E414AE900056A24 /* Main.storyboard in Resources */ = {isa = PBXBuildFile; fileRef = 39DE5CD51E414AE900056A24 /* Main.storyboard */; };
		39DE5CD91E414AE900056A24 /* Assets.xcassets in Resources */ = {isa = PBXBuildFile; fileRef = 39DE5CD81E414AE900056A24 /* Assets.xcassets */; };
		39DE5CDC1E414AE900056A24 /* LaunchScreen.storyboard in Resources */ = {isa = PBXBuildFile; fileRef = 39DE5CDA1E414AE900056A24 /* LaunchScreen.storyboard */; };
		39DE5CE71E414AE900056A24 /* iOSMVPTemplateTests.swift in Sources */ = {isa = PBXBuildFile; fileRef = 39DE5CE61E414AE900056A24 /* iOSMVPTemplateTests.swift */; };
		652C36621E8DBBD000A32FF4 /* FreelaTableViewCell.xib in Resources */ = {isa = PBXBuildFile; fileRef = 652C36611E8DBBD000A32FF4 /* FreelaTableViewCell.xib */; };
		652C36641E8DBBEC00A32FF4 /* FreelaTableViewCell.swift in Sources */ = {isa = PBXBuildFile; fileRef = 652C36631E8DBBEC00A32FF4 /* FreelaTableViewCell.swift */; };
		652C366A1E8DC8FF00A32FF4 /* GenericTablePresenter.swift in Sources */ = {isa = PBXBuildFile; fileRef = 652C36681E8DC8FF00A32FF4 /* GenericTablePresenter.swift */; };
		652C366B1E8DC8FF00A32FF4 /* GenericTableView.swift in Sources */ = {isa = PBXBuildFile; fileRef = 652C36691E8DC8FF00A32FF4 /* GenericTableView.swift */; };
		652C366E1E8DCB5600A32FF4 /* Loading.swift in Sources */ = {isa = PBXBuildFile; fileRef = 652C366D1E8DCB5600A32FF4 /* Loading.swift */; };
		652C36701E8DCB8100A32FF4 /* Loading.storyboard in Resources */ = {isa = PBXBuildFile; fileRef = 652C366F1E8DCB8100A32FF4 /* Loading.storyboard */; };
		652C36741E8DD13E00A32FF4 /* CellApresentable.swift in Sources */ = {isa = PBXBuildFile; fileRef = 652C36731E8DD13E00A32FF4 /* CellApresentable.swift */; };
		652C36761E8F296E00A32FF4 /* Freela.swift in Sources */ = {isa = PBXBuildFile; fileRef = 652C36751E8F296E00A32FF4 /* Freela.swift */; };
		65E4736A1E9DA93500EAA0E3 /* ContextTableViewPresenter.swift in Sources */ = {isa = PBXBuildFile; fileRef = 65E473681E9DA93500EAA0E3 /* ContextTableViewPresenter.swift */; };
		65E4736B1E9DA93500EAA0E3 /* ContextTableViewController.swift in Sources */ = {isa = PBXBuildFile; fileRef = 65E473691E9DA93500EAA0E3 /* ContextTableViewController.swift */; };
		65E4736D1EA83E7900EAA0E3 /* FrellaPresenter.swift in Sources */ = {isa = PBXBuildFile; fileRef = 65E4736C1EA83E7900EAA0E3 /* FrellaPresenter.swift */; };
/* End PBXBuildFile section */

/* Begin PBXContainerItemProxy section */
		39DE5CE31E414AE900056A24 /* PBXContainerItemProxy */ = {
			isa = PBXContainerItemProxy;
			containerPortal = 39DE5CC61E414AE800056A24 /* Project object */;
			proxyType = 1;
			remoteGlobalIDString = 39DE5CCD1E414AE800056A24;
			remoteInfo = iOSMVPTemplate;
		};
/* End PBXContainerItemProxy section */

/* Begin PBXFileReference section */
		39DE5CCE1E414AE900056A24 /* Cthullu.app */ = {isa = PBXFileReference; explicitFileType = wrapper.application; includeInIndex = 0; path = Cthullu.app; sourceTree = BUILT_PRODUCTS_DIR; };
		39DE5CD11E414AE900056A24 /* AppDelegate.swift */ = {isa = PBXFileReference; lastKnownFileType = sourcecode.swift; path = AppDelegate.swift; sourceTree = "<group>"; };
		39DE5CD31E414AE900056A24 /* GenericViewController.swift */ = {isa = PBXFileReference; lastKnownFileType = sourcecode.swift; path = GenericViewController.swift; sourceTree = "<group>"; };
		39DE5CD61E414AE900056A24 /* Base */ = {isa = PBXFileReference; lastKnownFileType = file.storyboard; name = Base; path = Base.lproj/Main.storyboard; sourceTree = "<group>"; };
		39DE5CD81E414AE900056A24 /* Assets.xcassets */ = {isa = PBXFileReference; lastKnownFileType = folder.assetcatalog; path = Assets.xcassets; sourceTree = "<group>"; };
		39DE5CDB1E414AE900056A24 /* Base */ = {isa = PBXFileReference; lastKnownFileType = file.storyboard; name = Base; path = Base.lproj/LaunchScreen.storyboard; sourceTree = "<group>"; };
		39DE5CDD1E414AE900056A24 /* Info.plist */ = {isa = PBXFileReference; lastKnownFileType = text.plist.xml; path = Info.plist; sourceTree = "<group>"; };
		39DE5CE21E414AE900056A24 /* CthulluTests.xctest */ = {isa = PBXFileReference; explicitFileType = wrapper.cfbundle; includeInIndex = 0; path = CthulluTests.xctest; sourceTree = BUILT_PRODUCTS_DIR; };
		39DE5CE61E414AE900056A24 /* iOSMVPTemplateTests.swift */ = {isa = PBXFileReference; lastKnownFileType = sourcecode.swift; path = iOSMVPTemplateTests.swift; sourceTree = "<group>"; };
		39DE5CE81E414AE900056A24 /* Info.plist */ = {isa = PBXFileReference; lastKnownFileType = text.plist.xml; path = Info.plist; sourceTree = "<group>"; };
		652C36611E8DBBD000A32FF4 /* FreelaTableViewCell.xib */ = {isa = PBXFileReference; fileEncoding = 4; lastKnownFileType = file.xib; path = FreelaTableViewCell.xib; sourceTree = "<group>"; };
		652C36631E8DBBEC00A32FF4 /* FreelaTableViewCell.swift */ = {isa = PBXFileReference; fileEncoding = 4; lastKnownFileType = sourcecode.swift; path = FreelaTableViewCell.swift; sourceTree = "<group>"; };
		652C36681E8DC8FF00A32FF4 /* GenericTablePresenter.swift */ = {isa = PBXFileReference; fileEncoding = 4; lastKnownFileType = sourcecode.swift; path = GenericTablePresenter.swift; sourceTree = "<group>"; };
		652C36691E8DC8FF00A32FF4 /* GenericTableView.swift */ = {isa = PBXFileReference; fileEncoding = 4; lastKnownFileType = sourcecode.swift; path = GenericTableView.swift; sourceTree = "<group>"; };
		652C366D1E8DCB5600A32FF4 /* Loading.swift */ = {isa = PBXFileReference; fileEncoding = 4; lastKnownFileType = sourcecode.swift; path = Loading.swift; sourceTree = "<group>"; };
		652C366F1E8DCB8100A32FF4 /* Loading.storyboard */ = {isa = PBXFileReference; fileEncoding = 4; lastKnownFileType = file.storyboard; path = Loading.storyboard; sourceTree = "<group>"; };
		652C36731E8DD13E00A32FF4 /* CellApresentable.swift */ = {isa = PBXFileReference; fileEncoding = 4; lastKnownFileType = sourcecode.swift; path = CellApresentable.swift; sourceTree = "<group>"; };
		652C36751E8F296E00A32FF4 /* Freela.swift */ = {isa = PBXFileReference; fileEncoding = 4; lastKnownFileType = sourcecode.swift; path = Freela.swift; sourceTree = "<group>"; };
		65E473681E9DA93500EAA0E3 /* ContextTableViewPresenter.swift */ = {isa = PBXFileReference; fileEncoding = 4; lastKnownFileType = sourcecode.swift; path = ContextTableViewPresenter.swift; sourceTree = "<group>"; };
		65E473691E9DA93500EAA0E3 /* ContextTableViewController.swift */ = {isa = PBXFileReference; fileEncoding = 4; lastKnownFileType = sourcecode.swift; path = ContextTableViewController.swift; sourceTree = "<group>"; };
		65E4736C1EA83E7900EAA0E3 /* FrellaPresenter.swift */ = {isa = PBXFileReference; fileEncoding = 4; lastKnownFileType = sourcecode.swift; path = FrellaPresenter.swift; sourceTree = "<group>"; };
/* End PBXFileReference section */

/* Begin PBXFrameworksBuildPhase section */
		39DE5CCB1E414AE800056A24 /* Frameworks */ = {
			isa = PBXFrameworksBuildPhase;
			buildActionMask = 2147483647;
			files = (
			);
			runOnlyForDeploymentPostprocessing = 0;
		};
		39DE5CDF1E414AE900056A24 /* Frameworks */ = {
			isa = PBXFrameworksBuildPhase;
			buildActionMask = 2147483647;
			files = (
			);
			runOnlyForDeploymentPostprocessing = 0;
		};
/* End PBXFrameworksBuildPhase section */

/* Begin PBXGroup section */
		39DE5CC51E414AE800056A24 = {
			isa = PBXGroup;
			children = (
				39DE5CD01E414AE900056A24 /* Cthullu */,
				39DE5CE51E414AE900056A24 /* iOSMVPTemplateTests */,
				39DE5CCF1E414AE900056A24 /* Products */,
			);
			sourceTree = "<group>";
		};
		39DE5CCF1E414AE900056A24 /* Products */ = {
			isa = PBXGroup;
			children = (
				39DE5CCE1E414AE900056A24 /* Cthullu.app */,
				39DE5CE21E414AE900056A24 /* CthulluTests.xctest */,
			);
			name = Products;
			sourceTree = "<group>";
		};
		39DE5CD01E414AE900056A24 /* Cthullu */ = {
			isa = PBXGroup;
			children = (
				65E473661E9DA7DE00EAA0E3 /* Controllers */,
				652C365E1E8DBAFA00A32FF4 /* Resources */,
				39DE5CD11E414AE900056A24 /* AppDelegate.swift */,
				39DE5CD51E414AE900056A24 /* Main.storyboard */,
				39DE5CD81E414AE900056A24 /* Assets.xcassets */,
				39DE5CDA1E414AE900056A24 /* LaunchScreen.storyboard */,
				39DE5CDD1E414AE900056A24 /* Info.plist */,
			);
			name = Cthullu;
			path = iOSMVPTemplate;
			sourceTree = "<group>";
		};
		39DE5CE51E414AE900056A24 /* iOSMVPTemplateTests */ = {
			isa = PBXGroup;
			children = (
				39DE5CE61E414AE900056A24 /* iOSMVPTemplateTests.swift */,
				39DE5CE81E414AE900056A24 /* Info.plist */,
			);
			path = iOSMVPTemplateTests;
			sourceTree = "<group>";
		};
		652C365E1E8DBAFA00A32FF4 /* Resources */ = {
			isa = PBXGroup;
			children = (
				65E473651E9DA18700EAA0E3 /* Model */,
				652C36671E8DC7F800A32FF4 /* Util */,
				652C365F1E8DBB1900A32FF4 /* View */,
			);
			name = Resources;
			sourceTree = "<group>";
		};
		652C365F1E8DBB1900A32FF4 /* View */ = {
			isa = PBXGroup;
			children = (
				652C36661E8DC7CE00A32FF4 /* GenericTableView */,
				39DE5CD31E414AE900056A24 /* GenericViewController.swift */,
				652C366C1E8DCB3E00A32FF4 /* Loading */,
				652C36601E8DBB2200A32FF4 /* Cell */,
			);
			name = View;
			sourceTree = "<group>";
		};
		652C36601E8DBB2200A32FF4 /* Cell */ = {
			isa = PBXGroup;
			children = (
				652C36651E8DBBF400A32FF4 /* FreelaTableViewCell */,
			);
			name = Cell;
			sourceTree = "<group>";
		};
		652C36651E8DBBF400A32FF4 /* FreelaTableViewCell */ = {
			isa = PBXGroup;
			children = (
				652C36611E8DBBD000A32FF4 /* FreelaTableViewCell.xib */,
				652C36631E8DBBEC00A32FF4 /* FreelaTableViewCell.swift */,
			);
			name = FreelaTableViewCell;
			sourceTree = "<group>";
		};
		652C36661E8DC7CE00A32FF4 /* GenericTableView */ = {
			isa = PBXGroup;
			children = (
				652C36681E8DC8FF00A32FF4 /* GenericTablePresenter.swift */,
				652C36691E8DC8FF00A32FF4 /* GenericTableView.swift */,
				652C36731E8DD13E00A32FF4 /* CellApresentable.swift */,
			);
			name = GenericTableView;
			sourceTree = "<group>";
		};
		652C36671E8DC7F800A32FF4 /* Util */ = {
			isa = PBXGroup;
			children = (
			);
			name = Util;
			sourceTree = "<group>";
		};
		652C366C1E8DCB3E00A32FF4 /* Loading */ = {
			isa = PBXGroup;
			children = (
				652C366D1E8DCB5600A32FF4 /* Loading.swift */,
				652C366F1E8DCB8100A32FF4 /* Loading.storyboard */,
			);
			name = Loading;
			sourceTree = "<group>";
		};
		65E473651E9DA18700EAA0E3 /* Model */ = {
			isa = PBXGroup;
			children = (
				652C36751E8F296E00A32FF4 /* Freela.swift */,
			);
			name = Model;
			sourceTree = "<group>";
		};
		65E473661E9DA7DE00EAA0E3 /* Controllers */ = {
			isa = PBXGroup;
			children = (
				65E473671E9DA7EE00EAA0E3 /* FrellaViewController */,
			);
			name = Controllers;
			sourceTree = "<group>";
		};
		65E473671E9DA7EE00EAA0E3 /* FrellaViewController */ = {
			isa = PBXGroup;
			children = (
				65E473681E9DA93500EAA0E3 /* ContextTableViewPresenter.swift */,
				65E473691E9DA93500EAA0E3 /* ContextTableViewController.swift */,
				65E4736C1EA83E7900EAA0E3 /* FrellaPresenter.swift */,
			);
			name = FrellaViewController;
			sourceTree = "<group>";
		};
/* End PBXGroup section */

/* Begin PBXNativeTarget section */
		39DE5CCD1E414AE800056A24 /* Cthullu */ = {
			isa = PBXNativeTarget;
			buildConfigurationList = 39DE5CEB1E414AE900056A24 /* Build configuration list for PBXNativeTarget "Cthullu" */;
			buildPhases = (
				39DE5CCA1E414AE800056A24 /* Sources */,
				39DE5CCB1E414AE800056A24 /* Frameworks */,
				39DE5CCC1E414AE800056A24 /* Resources */,
			);
			buildRules = (
			);
			dependencies = (
			);
			name = Cthullu;
			productName = iOSMVPTemplate;
			productReference = 39DE5CCE1E414AE900056A24 /* Cthullu.app */;
			productType = "com.apple.product-type.application";
		};
		39DE5CE11E414AE900056A24 /* CthulluTests */ = {
			isa = PBXNativeTarget;
			buildConfigurationList = 39DE5CEE1E414AE900056A24 /* Build configuration list for PBXNativeTarget "CthulluTests" */;
			buildPhases = (
				39DE5CDE1E414AE900056A24 /* Sources */,
				39DE5CDF1E414AE900056A24 /* Frameworks */,
				39DE5CE01E414AE900056A24 /* Resources */,
			);
			buildRules = (
			);
			dependencies = (
				39DE5CE41E414AE900056A24 /* PBXTargetDependency */,
			);
			name = CthulluTests;
			productName = iOSMVPTemplateTests;
			productReference = 39DE5CE21E414AE900056A24 /* CthulluTests.xctest */;
			productType = "com.apple.product-type.bundle.unit-test";
		};
/* End PBXNativeTarget section */

/* Begin PBXProject section */
		39DE5CC61E414AE800056A24 /* Project object */ = {
			isa = PBXProject;
			attributes = {
				LastSwiftUpdateCheck = 0820;
				LastUpgradeCheck = 0820;
				ORGANIZATIONNAME = "Tulio Bazan";
				TargetAttributes = {
					39DE5CCD1E414AE800056A24 = {
						CreatedOnToolsVersion = 8.2.1;
						DevelopmentTeam = 23GBM6X229;
						ProvisioningStyle = Automatic;
					};
					39DE5CE11E414AE900056A24 = {
						CreatedOnToolsVersion = 8.2.1;
						ProvisioningStyle = Automatic;
						TestTargetID = 39DE5CCD1E414AE800056A24;
					};
				};
			};
			buildConfigurationList = 39DE5CC91E414AE800056A24 /* Build configuration list for PBXProject "Cthullu" */;
			compatibilityVersion = "Xcode 3.2";
			developmentRegion = English;
			hasScannedForEncodings = 0;
			knownRegions = (
				en,
				Base,
			);
			mainGroup = 39DE5CC51E414AE800056A24;
			productRefGroup = 39DE5CCF1E414AE900056A24 /* Products */;
			projectDirPath = "";
			projectRoot = "";
			targets = (
				39DE5CCD1E414AE800056A24 /* Cthullu */,
				39DE5CE11E414AE900056A24 /* CthulluTests */,
			);
		};
/* End PBXProject section */

/* Begin PBXResourcesBuildPhase section */
		39DE5CCC1E414AE800056A24 /* Resources */ = {
			isa = PBXResourcesBuildPhase;
			buildActionMask = 2147483647;
			files = (
				39DE5CDC1E414AE900056A24 /* LaunchScreen.storyboard in Resources */,
				39DE5CD91E414AE900056A24 /* Assets.xcassets in Resources */,
				652C36621E8DBBD000A32FF4 /* FreelaTableViewCell.xib in Resources */,
				652C36701E8DCB8100A32FF4 /* Loading.storyboard in Resources */,
				39DE5CD71E414AE900056A24 /* Main.storyboard in Resources */,
			);
			runOnlyForDeploymentPostprocessing = 0;
		};
		39DE5CE01E414AE900056A24 /* Resources */ = {
			isa = PBXResourcesBuildPhase;
			buildActionMask = 2147483647;
			files = (
			);
			runOnlyForDeploymentPostprocessing = 0;
		};
/* End PBXResourcesBuildPhase section */

/* Begin PBXSourcesBuildPhase section */
		39DE5CCA1E414AE800056A24 /* Sources */ = {
			isa = PBXSourcesBuildPhase;
			buildActionMask = 2147483647;
			files = (
				652C366B1E8DC8FF00A32FF4 /* GenericTableView.swift in Sources */,
				652C36641E8DBBEC00A32FF4 /* FreelaTableViewCell.swift in Sources */,
				652C36741E8DD13E00A32FF4 /* CellApresentable.swift in Sources */,
				65E4736A1E9DA93500EAA0E3 /* ContextTableViewPresenter.swift in Sources */,
				39DE5CD41E414AE900056A24 /* GenericViewController.swift in Sources */,
				65E4736D1EA83E7900EAA0E3 /* FrellaPresenter.swift in Sources */,
				39DE5CD21E414AE900056A24 /* AppDelegate.swift in Sources */,
				652C366E1E8DCB5600A32FF4 /* Loading.swift in Sources */,
				652C36761E8F296E00A32FF4 /* Freela.swift in Sources */,
				65E4736B1E9DA93500EAA0E3 /* ContextTableViewController.swift in Sources */,
				652C366A1E8DC8FF00A32FF4 /* GenericTablePresenter.swift in Sources */,
			);
			runOnlyForDeploymentPostprocessing = 0;
		};
		39DE5CDE1E414AE900056A24 /* Sources */ = {
			isa = PBXSourcesBuildPhase;
			buildActionMask = 2147483647;
			files = (
				39DE5CE71E414AE900056A24 /* iOSMVPTemplateTests.swift in Sources */,
			);
			runOnlyForDeploymentPostprocessing = 0;
		};
/* End PBXSourcesBuildPhase section */

/* Begin PBXTargetDependency section */
		39DE5CE41E414AE900056A24 /* PBXTargetDependency */ = {
			isa = PBXTargetDependency;
			target = 39DE5CCD1E414AE800056A24 /* Cthullu */;
			targetProxy = 39DE5CE31E414AE900056A24 /* PBXContainerItemProxy */;
		};
/* End PBXTargetDependency section */

/* Begin PBXVariantGroup section */
		39DE5CD51E414AE900056A24 /* Main.storyboard */ = {
			isa = PBXVariantGroup;
			children = (
				39DE5CD61E414AE900056A24 /* Base */,
			);
			name = Main.storyboard;
			sourceTree = "<group>";
		};
		39DE5CDA1E414AE900056A24 /* LaunchScreen.storyboard */ = {
			isa = PBXVariantGroup;
			children = (
				39DE5CDB1E414AE900056A24 /* Base */,
			);
			name = LaunchScreen.storyboard;
			sourceTree = "<group>";
		};
/* End PBXVariantGroup section */

/* Begin XCBuildConfiguration section */
		39DE5CE91E414AE900056A24 /* Debug */ = {
			isa = XCBuildConfiguration;
			buildSettings = {
				ALWAYS_SEARCH_USER_PATHS = NO;
				CLANG_ANALYZER_NONNULL = YES;
				CLANG_CXX_LANGUAGE_STANDARD = "gnu++0x";
				CLANG_CXX_LIBRARY = "libc++";
				CLANG_ENABLE_MODULES = YES;
				CLANG_ENABLE_OBJC_ARC = YES;
				CLANG_WARN_BOOL_CONVERSION = YES;
				CLANG_WARN_CONSTANT_CONVERSION = YES;
				CLANG_WARN_DIRECT_OBJC_ISA_USAGE = YES_ERROR;
				CLANG_WARN_DOCUMENTATION_COMMENTS = YES;
				CLANG_WARN_EMPTY_BODY = YES;
				CLANG_WARN_ENUM_CONVERSION = YES;
				CLANG_WARN_INFINITE_RECURSION = YES;
				CLANG_WARN_INT_CONVERSION = YES;
				CLANG_WARN_OBJC_ROOT_CLASS = YES_ERROR;
				CLANG_WARN_SUSPICIOUS_MOVE = YES;
				CLANG_WARN_UNREACHABLE_CODE = YES;
				CLANG_WARN__DUPLICATE_METHOD_MATCH = YES;
				"CODE_SIGN_IDENTITY[sdk=iphoneos*]" = "iPhone Developer";
				COPY_PHASE_STRIP = NO;
				DEBUG_INFORMATION_FORMAT = dwarf;
				ENABLE_STRICT_OBJC_MSGSEND = YES;
				ENABLE_TESTABILITY = YES;
				GCC_C_LANGUAGE_STANDARD = gnu99;
				GCC_DYNAMIC_NO_PIC = NO;
				GCC_NO_COMMON_BLOCKS = YES;
				GCC_OPTIMIZATION_LEVEL = 0;
				GCC_PREPROCESSOR_DEFINITIONS = (
					"DEBUG=1",
					"$(inherited)",
				);
				GCC_WARN_64_TO_32_BIT_CONVERSION = YES;
				GCC_WARN_ABOUT_RETURN_TYPE = YES_ERROR;
				GCC_WARN_UNDECLARED_SELECTOR = YES;
				GCC_WARN_UNINITIALIZED_AUTOS = YES_AGGRESSIVE;
				GCC_WARN_UNUSED_FUNCTION = YES;
				GCC_WARN_UNUSED_VARIABLE = YES;
				IPHONEOS_DEPLOYMENT_TARGET = 10.2;
				MTL_ENABLE_DEBUG_INFO = YES;
				ONLY_ACTIVE_ARCH = YES;
				SDKROOT = iphoneos;
				SWIFT_ACTIVE_COMPILATION_CONDITIONS = DEBUG;
				SWIFT_OPTIMIZATION_LEVEL = "-Onone";
				TARGETED_DEVICE_FAMILY = "1,2";
			};
			name = Debug;
		};
		39DE5CEA1E414AE900056A24 /* Release */ = {
			isa = XCBuildConfiguration;
			buildSettings = {
				ALWAYS_SEARCH_USER_PATHS = NO;
				CLANG_ANALYZER_NONNULL = YES;
				CLANG_CXX_LANGUAGE_STANDARD = "gnu++0x";
				CLANG_CXX_LIBRARY = "libc++";
				CLANG_ENABLE_MODULES = YES;
				CLANG_ENABLE_OBJC_ARC = YES;
				CLANG_WARN_BOOL_CONVERSION = YES;
				CLANG_WARN_CONSTANT_CONVERSION = YES;
				CLANG_WARN_DIRECT_OBJC_ISA_USAGE = YES_ERROR;
				CLANG_WARN_DOCUMENTATION_COMMENTS = YES;
				CLANG_WARN_EMPTY_BODY = YES;
				CLANG_WARN_ENUM_CONVERSION = YES;
				CLANG_WARN_INFINITE_RECURSION = YES;
				CLANG_WARN_INT_CONVERSION = YES;
				CLANG_WARN_OBJC_ROOT_CLASS = YES_ERROR;
				CLANG_WARN_SUSPICIOUS_MOVE = YES;
				CLANG_WARN_UNREACHABLE_CODE = YES;
				CLANG_WARN__DUPLICATE_METHOD_MATCH = YES;
				"CODE_SIGN_IDENTITY[sdk=iphoneos*]" = "iPhone Developer";
				COPY_PHASE_STRIP = NO;
				DEBUG_INFORMATION_FORMAT = "dwarf-with-dsym";
				ENABLE_NS_ASSERTIONS = NO;
				ENABLE_STRICT_OBJC_MSGSEND = YES;
				GCC_C_LANGUAGE_STANDARD = gnu99;
				GCC_NO_COMMON_BLOCKS = YES;
				GCC_WARN_64_TO_32_BIT_CONVERSION = YES;
				GCC_WARN_ABOUT_RETURN_TYPE = YES_ERROR;
				GCC_WARN_UNDECLARED_SELECTOR = YES;
				GCC_WARN_UNINITIALIZED_AUTOS = YES_AGGRESSIVE;
				GCC_WARN_UNUSED_FUNCTION = YES;
				GCC_WARN_UNUSED_VARIABLE = YES;
				IPHONEOS_DEPLOYMENT_TARGET = 10.2;
				MTL_ENABLE_DEBUG_INFO = NO;
				SDKROOT = iphoneos;
				SWIFT_OPTIMIZATION_LEVEL = "-Owholemodule";
				TARGETED_DEVICE_FAMILY = "1,2";
				VALIDATE_PRODUCT = YES;
			};
			name = Release;
		};
		39DE5CEC1E414AE900056A24 /* Debug */ = {
			isa = XCBuildConfiguration;
			buildSettings = {
				ASSETCATALOG_COMPILER_APPICON_NAME = AppIcon;
				BASE_URL = "https://debug.com.br";
				DEVELOPMENT_TEAM = 23GBM6X229;
				INFOPLIST_FILE = iOSMVPTemplate/Info.plist;
				IPHONEOS_DEPLOYMENT_TARGET = 9.0;
				LD_RUNPATH_SEARCH_PATHS = "$(inherited) @executable_path/Frameworks";
				PRODUCT_BUNDLE_IDENTIFIER = br.com.tutululu.freela;
				PRODUCT_NAME = "$(TARGET_NAME)";
				SWIFT_VERSION = 3.0;
			};
			name = Debug;
		};
		39DE5CED1E414AE900056A24 /* Release */ = {
			isa = XCBuildConfiguration;
			buildSettings = {
				ASSETCATALOG_COMPILER_APPICON_NAME = AppIcon;
				BASE_URL = "https://prod.com.br";
				DEVELOPMENT_TEAM = 23GBM6X229;
				INFOPLIST_FILE = iOSMVPTemplate/Info.plist;
				IPHONEOS_DEPLOYMENT_TARGET = 9.0;
				LD_RUNPATH_SEARCH_PATHS = "$(inherited) @executable_path/Frameworks";
				PRODUCT_BUNDLE_IDENTIFIER = br.com.tutululu.freela;
				PRODUCT_NAME = "$(TARGET_NAME)";
				SWIFT_VERSION = 3.0;
			};
			name = Release;
		};
		39DE5CEF1E414AE900056A24 /* Debug */ = {
			isa = XCBuildConfiguration;
			buildSettings = {
				ALWAYS_EMBED_SWIFT_STANDARD_LIBRARIES = YES;
				BUNDLE_LOADER = "$(TEST_HOST)";
				INFOPLIST_FILE = iOSMVPTemplateTests/Info.plist;
				LD_RUNPATH_SEARCH_PATHS = "$(inherited) @executable_path/Frameworks @loader_path/Frameworks";
				PRODUCT_BUNDLE_IDENTIFIER = br.com.g2m.iOSMVPTemplateTests;
				PRODUCT_NAME = "$(TARGET_NAME)";
				SWIFT_VERSION = 3.0;
				TEST_HOST = "$(BUILT_PRODUCTS_DIR)/Cthullu.app/Cthullu";
			};
			name = Debug;
		};
		39DE5CF01E414AE900056A24 /* Release */ = {
			isa = XCBuildConfiguration;
			buildSettings = {
				ALWAYS_EMBED_SWIFT_STANDARD_LIBRARIES = YES;
				BUNDLE_LOADER = "$(TEST_HOST)";
				INFOPLIST_FILE = iOSMVPTemplateTests/Info.plist;
				LD_RUNPATH_SEARCH_PATHS = "$(inherited) @executable_path/Frameworks @loader_path/Frameworks";
				PRODUCT_BUNDLE_IDENTIFIER = br.com.g2m.iOSMVPTemplateTests;
				PRODUCT_NAME = "$(TARGET_NAME)";
				SWIFT_VERSION = 3.0;
				TEST_HOST = "$(BUILT_PRODUCTS_DIR)/Cthullu.app/Cthullu";
			};
			name = Release;
		};
		39DE5CF11E414E6F00056A24 /* Homolog */ = {
			isa = XCBuildConfiguration;
			buildSettings = {
				ALWAYS_SEARCH_USER_PATHS = NO;
				CLANG_ANALYZER_NONNULL = YES;
				CLANG_CXX_LANGUAGE_STANDARD = "gnu++0x";
				CLANG_CXX_LIBRARY = "libc++";
				CLANG_ENABLE_MODULES = YES;
				CLANG_ENABLE_OBJC_ARC = YES;
				CLANG_WARN_BOOL_CONVERSION = YES;
				CLANG_WARN_CONSTANT_CONVERSION = YES;
				CLANG_WARN_DIRECT_OBJC_ISA_USAGE = YES_ERROR;
				CLANG_WARN_DOCUMENTATION_COMMENTS = YES;
				CLANG_WARN_EMPTY_BODY = YES;
				CLANG_WARN_ENUM_CONVERSION = YES;
				CLANG_WARN_INFINITE_RECURSION = YES;
				CLANG_WARN_INT_CONVERSION = YES;
				CLANG_WARN_OBJC_ROOT_CLASS = YES_ERROR;
				CLANG_WARN_SUSPICIOUS_MOVE = YES;
				CLANG_WARN_UNREACHABLE_CODE = YES;
				CLANG_WARN__DUPLICATE_METHOD_MATCH = YES;
				"CODE_SIGN_IDENTITY[sdk=iphoneos*]" = "iPhone Developer";
				COPY_PHASE_STRIP = NO;
				DEBUG_INFORMATION_FORMAT = dwarf;
				ENABLE_STRICT_OBJC_MSGSEND = YES;
				ENABLE_TESTABILITY = YES;
				GCC_C_LANGUAGE_STANDARD = gnu99;
				GCC_DYNAMIC_NO_PIC = NO;
				GCC_NO_COMMON_BLOCKS = YES;
				GCC_OPTIMIZATION_LEVEL = 0;
				GCC_PREPROCESSOR_DEFINITIONS = (
					"DEBUG=1",
					"$(inherited)",
				);
				GCC_WARN_64_TO_32_BIT_CONVERSION = YES;
				GCC_WARN_ABOUT_RETURN_TYPE = YES_ERROR;
				GCC_WARN_UNDECLARED_SELECTOR = YES;
				GCC_WARN_UNINITIALIZED_AUTOS = YES_AGGRESSIVE;
				GCC_WARN_UNUSED_FUNCTION = YES;
				GCC_WARN_UNUSED_VARIABLE = YES;
				IPHONEOS_DEPLOYMENT_TARGET = 10.2;
				MTL_ENABLE_DEBUG_INFO = YES;
				ONLY_ACTIVE_ARCH = YES;
				SDKROOT = iphoneos;
				SWIFT_ACTIVE_COMPILATION_CONDITIONS = DEBUG;
				SWIFT_OPTIMIZATION_LEVEL = "-Onone";
				TARGETED_DEVICE_FAMILY = "1,2";
			};
			name = Homolog;
		};
		39DE5CF21E414E6F00056A24 /* Homolog */ = {
			isa = XCBuildConfiguration;
			buildSettings = {
				ASSETCATALOG_COMPILER_APPICON_NAME = AppIcon;
				BASE_URL = "https://homolog.com.br";
				DEVELOPMENT_TEAM = 23GBM6X229;
				INFOPLIST_FILE = iOSMVPTemplate/Info.plist;
				IPHONEOS_DEPLOYMENT_TARGET = 9.0;
				LD_RUNPATH_SEARCH_PATHS = "$(inherited) @executable_path/Frameworks";
				PRODUCT_BUNDLE_IDENTIFIER = br.com.tutululu.freela;
				PRODUCT_NAME = "$(TARGET_NAME)";
				SWIFT_VERSION = 3.0;
			};
			name = Homolog;
		};
		39DE5CF31E414E6F00056A24 /* Homolog */ = {
			isa = XCBuildConfiguration;
			buildSettings = {
				ALWAYS_EMBED_SWIFT_STANDARD_LIBRARIES = YES;
				BUNDLE_LOADER = "$(TEST_HOST)";
				INFOPLIST_FILE = iOSMVPTemplateTests/Info.plist;
				LD_RUNPATH_SEARCH_PATHS = "$(inherited) @executable_path/Frameworks @loader_path/Frameworks";
				PRODUCT_BUNDLE_IDENTIFIER = br.com.g2m.iOSMVPTemplateTests;
				PRODUCT_NAME = "$(TARGET_NAME)";
				SWIFT_VERSION = 3.0;
				TEST_HOST = "$(BUILT_PRODUCTS_DIR)/Cthullu.app/Cthullu";
			};
			name = Homolog;
		};
/* End XCBuildConfiguration section */

/* Begin XCConfigurationList section */
		39DE5CC91E414AE800056A24 /* Build configuration list for PBXProject "Cthullu" */ = {
			isa = XCConfigurationList;
			buildConfigurations = (
				39DE5CE91E414AE900056A24 /* Debug */,
				39DE5CF11E414E6F00056A24 /* Homolog */,
				39DE5CEA1E414AE900056A24 /* Release */,
			);
			defaultConfigurationIsVisible = 0;
			defaultConfigurationName = Release;
		};
		39DE5CEB1E414AE900056A24 /* Build configuration list for PBXNativeTarget "Cthullu" */ = {
			isa = XCConfigurationList;
			buildConfigurations = (
				39DE5CEC1E414AE900056A24 /* Debug */,
				39DE5CF21E414E6F00056A24 /* Homolog */,
				39DE5CED1E414AE900056A24 /* Release */,
			);
			defaultConfigurationIsVisible = 0;
			defaultConfigurationName = Release;
		};
		39DE5CEE1E414AE900056A24 /* Build configuration list for PBXNativeTarget "CthulluTests" */ = {
			isa = XCConfigurationList;
			buildConfigurations = (
				39DE5CEF1E414AE900056A24 /* Debug */,
				39DE5CF31E414E6F00056A24 /* Homolog */,
				39DE5CF01E414AE900056A24 /* Release */,
			);
			defaultConfigurationIsVisible = 0;
			defaultConfigurationName = Release;
		};
/* End XCConfigurationList section */
	};
	rootObject = 39DE5CC61E414AE800056A24 /* Project object */;
}
