PODS:
  - Alamofire (4.3.0)
  - AlamofireObjectMapper (4.1.0):
    - Alamofire (~> 4.1)
    - ObjectMapper (~> 2.0)
  - CRToast (0.0.9)
  - ObjectMapper (2.2.2)
  - R.swift (3.2.0):
    - R.swift.Library (~> 3.0.2)
  - R.swift.Library (3.0.2)

DEPENDENCIES:
  - Alamofire (~> 4.0)
  - AlamofireObjectMapper (from `https://github.com/tristanhimmelman/AlamofireObjectMapper.git`)
  - CRToast (~> 0.0.7)
  - R.swift

EXTERNAL SOURCES:
  AlamofireObjectMapper:
    :git: https://github.com/tristanhimmelman/AlamofireObjectMapper.git

CHECKOUT OPTIONS:
  AlamofireObjectMapper:
    :commit: c7434a645821dbc179360f2aa5ff16c8b451dddd
    :git: https://github.com/tristanhimmelman/AlamofireObjectMapper.git

SPEC CHECKSUMS:
  Alamofire: 856a113053a7bc9cbe5d6367a555d773fc5cfef7
  AlamofireObjectMapper: 574a93f3f08fe421ae146f46993817553b015e77
  CRToast: 5a78c22b921c5ed3487488af605bc403a9c92fed
  ObjectMapper: 9e385c2295bcc4e16eabbcfc85db801442bba545
  R.swift: 207a372a2b5977caef440c696a368009460641d1
  R.swift.Library: fbdec16c9802ad104fc1ba53415dc190e6ec5c73

PODFILE CHECKSUM: cc181b73cd22b1ee7086ab45fa1250cc05cbed3f

COCOAPODS: 1.2.0
